
Microsoft Visual Studio Solution File, Format Version 12.00
# Visual Studio Version 16
VisualStudioVersion = 16.0.30114.105
MinimumVisualStudioVersion = 10.0.40219.1
Project("{2150E333-8FDC-42A3-9474-1A3956D46DE8}") = "src", "src", "{61DFFCC6-4542-4258-836B-87B588E8569C}"
EndProject
Project("{2150E333-8FDC-42A3-9474-1A3956D46DE8}") = "test", "test", "{481050C9-35E2-497A-8557-85B23E9F304A}"
EndProject
Project("{2150E333-8FDC-42A3-9474-1A3956D46DE8}") = "API", "API", "{1C3C846F-6F5A-4D81-9677-692AF354B9F5}"
EndProject
Project("{2150E333-8FDC-42A3-9474-1A3956D46DE8}") = "Core", "Core", "{885E43CD-D624-46C0-AEA9-5F4C2964396F}"
EndProject
Project("{2150E333-8FDC-42A3-9474-1A3956D46DE8}") = "Infrastructure", "Infrastructure", "{0A1040F0-7015-4752-93C5-C85DE7768746}"
EndProject
Project("{2150E333-8FDC-42A3-9474-1A3956D46DE8}") = "UI", "UI", "{04CD854E-C7EA-4559-B32D-8CFCE6C94DD6}"
EndProject
Project("{FAE04EC0-301F-11D3-BF4B-00C04F79EFBC}") = "GloboTicket.TicketManagement.Domain", "GloboTicket.TicketManagement.Domain\GloboTicket.TicketManagement.Domain.csproj", "{BCEF6645-D910-4C2A-B4B6-E442DEBE9D68}"
EndProject
Project("{FAE04EC0-301F-11D3-BF4B-00C04F79EFBC}") = "GloboTicket.TicketManagement.Application", "GloboTicket.TicketManagement.Application\GloboTicket.TicketManagement.Application.csproj", "{C548E1C9-296F-4F6F-8B02-B1412C0FDE39}"
EndProject
Project("{FAE04EC0-301F-11D3-BF4B-00C04F79EFBC}") = "GloboTicket.TicketManagement.Persistence", "GloboTicket.TicketManagement.Persistence\GloboTicket.TicketManagement.Persistence.csproj", "{C2A96C0D-A20C-47B8-81BF-F1451D164A11}"
EndProject
Project("{FAE04EC0-301F-11D3-BF4B-00C04F79EFBC}") = "GloboTicket.TicketManagement.Infrastructure", "GloboTicket.TicketManagement.Infrastructure\GloboTicket.TicketManagement.Infrastructure.csproj", "{D257006F-C5AE-4677-ABB5-8E2B647080A9}"
EndProject
Project("{FAE04EC0-301F-11D3-BF4B-00C04F79EFBC}") = "GloboTicket.TicketManagement.Api", "GloboTicket.TicketManagement.Api\GloboTicket.TicketManagement.Api.csproj", "{C5E8E6F7-0A48-4FE2-A2CA-C7FB553552E9}"
EndProject
Global
	GlobalSection(SolutionConfigurationPlatforms) = preSolution
		Debug|Any CPU = Debug|Any CPU
		Debug|x64 = Debug|x64
		Debug|x86 = Debug|x86
		Release|Any CPU = Release|Any CPU
		Release|x64 = Release|x64
		Release|x86 = Release|x86
	EndGlobalSection
	GlobalSection(SolutionProperties) = preSolution
		HideSolutionNode = FALSE
	EndGlobalSection
	GlobalSection(NestedProjects) = preSolution
		{1C3C846F-6F5A-4D81-9677-692AF354B9F5} = {61DFFCC6-4542-4258-836B-87B588E8569C}
		{885E43CD-D624-46C0-AEA9-5F4C2964396F} = {61DFFCC6-4542-4258-836B-87B588E8569C}
		{0A1040F0-7015-4752-93C5-C85DE7768746} = {61DFFCC6-4542-4258-836B-87B588E8569C}
		{04CD854E-C7EA-4559-B32D-8CFCE6C94DD6} = {61DFFCC6-4542-4258-836B-87B588E8569C}
		{BCEF6645-D910-4C2A-B4B6-E442DEBE9D68} = {885E43CD-D624-46C0-AEA9-5F4C2964396F}
		{C2A96C0D-A20C-47B8-81BF-F1451D164A11} = {0A1040F0-7015-4752-93C5-C85DE7768746}
		{D257006F-C5AE-4677-ABB5-8E2B647080A9} = {0A1040F0-7015-4752-93C5-C85DE7768746}
		{C548E1C9-296F-4F6F-8B02-B1412C0FDE39} = {885E43CD-D624-46C0-AEA9-5F4C2964396F}
		{C5E8E6F7-0A48-4FE2-A2CA-C7FB553552E9} = {1C3C846F-6F5A-4D81-9677-692AF354B9F5}
	EndGlobalSection
	GlobalSection(ProjectConfigurationPlatforms) = postSolution
		{BCEF6645-D910-4C2A-B4B6-E442DEBE9D68}.Debug|Any CPU.ActiveCfg = Debug|Any CPU
		{BCEF6645-D910-4C2A-B4B6-E442DEBE9D68}.Debug|Any CPU.Build.0 = Debug|Any CPU
		{BCEF6645-D910-4C2A-B4B6-E442DEBE9D68}.Debug|x64.ActiveCfg = Debug|Any CPU
		{BCEF6645-D910-4C2A-B4B6-E442DEBE9D68}.Debug|x64.Build.0 = Debug|Any CPU
		{BCEF6645-D910-4C2A-B4B6-E442DEBE9D68}.Debug|x86.ActiveCfg = Debug|Any CPU
		{BCEF6645-D910-4C2A-B4B6-E442DEBE9D68}.Debug|x86.Build.0 = Debug|Any CPU
		{BCEF6645-D910-4C2A-B4B6-E442DEBE9D68}.Release|Any CPU.ActiveCfg = Release|Any CPU
		{BCEF6645-D910-4C2A-B4B6-E442DEBE9D68}.Release|Any CPU.Build.0 = Release|Any CPU
		{BCEF6645-D910-4C2A-B4B6-E442DEBE9D68}.Release|x64.ActiveCfg = Release|Any CPU
		{BCEF6645-D910-4C2A-B4B6-E442DEBE9D68}.Release|x64.Build.0 = Release|Any CPU
		{BCEF6645-D910-4C2A-B4B6-E442DEBE9D68}.Release|x86.ActiveCfg = Release|Any CPU
		{BCEF6645-D910-4C2A-B4B6-E442DEBE9D68}.Release|x86.Build.0 = Release|Any CPU
		{C548E1C9-296F-4F6F-8B02-B1412C0FDE39}.Debug|Any CPU.ActiveCfg = Debug|Any CPU
		{C548E1C9-296F-4F6F-8B02-B1412C0FDE39}.Debug|Any CPU.Build.0 = Debug|Any CPU
		{C548E1C9-296F-4F6F-8B02-B1412C0FDE39}.Debug|x64.ActiveCfg = Debug|Any CPU
		{C548E1C9-296F-4F6F-8B02-B1412C0FDE39}.Debug|x64.Build.0 = Debug|Any CPU
		{C548E1C9-296F-4F6F-8B02-B1412C0FDE39}.Debug|x86.ActiveCfg = Debug|Any CPU
		{C548E1C9-296F-4F6F-8B02-B1412C0FDE39}.Debug|x86.Build.0 = Debug|Any CPU
		{C548E1C9-296F-4F6F-8B02-B1412C0FDE39}.Release|Any CPU.ActiveCfg = Release|Any CPU
		{C548E1C9-296F-4F6F-8B02-B1412C0FDE39}.Release|Any CPU.Build.0 = Release|Any CPU
		{C548E1C9-296F-4F6F-8B02-B1412C0FDE39}.Release|x64.ActiveCfg = Release|Any CPU
		{C548E1C9-296F-4F6F-8B02-B1412C0FDE39}.Release|x64.Build.0 = Release|Any CPU
		{C548E1C9-296F-4F6F-8B02-B1412C0FDE39}.Release|x86.ActiveCfg = Release|Any CPU
		{C548E1C9-296F-4F6F-8B02-B1412C0FDE39}.Release|x86.Build.0 = Release|Any CPU
		{C2A96C0D-A20C-47B8-81BF-F1451D164A11}.Debug|Any CPU.ActiveCfg = Debug|Any CPU
		{C2A96C0D-A20C-47B8-81BF-F1451D164A11}.Debug|Any CPU.Build.0 = Debug|Any CPU
		{C2A96C0D-A20C-47B8-81BF-F1451D164A11}.Debug|x64.ActiveCfg = Debug|Any CPU
		{C2A96C0D-A20C-47B8-81BF-F1451D164A11}.Debug|x64.Build.0 = Debug|Any CPU
		{C2A96C0D-A20C-47B8-81BF-F1451D164A11}.Debug|x86.ActiveCfg = Debug|Any CPU
		{C2A96C0D-A20C-47B8-81BF-F1451D164A11}.Debug|x86.Build.0 = Debug|Any CPU
		{C2A96C0D-A20C-47B8-81BF-F1451D164A11}.Release|Any CPU.ActiveCfg = Release|Any CPU
		{C2A96C0D-A20C-47B8-81BF-F1451D164A11}.Release|Any CPU.Build.0 = Release|Any CPU
		{C2A96C0D-A20C-47B8-81BF-F1451D164A11}.Release|x64.ActiveCfg = Release|Any CPU
		{C2A96C0D-A20C-47B8-81BF-F1451D164A11}.Release|x64.Build.0 = Release|Any CPU
		{C2A96C0D-A20C-47B8-81BF-F1451D164A11}.Release|x86.ActiveCfg = Release|Any CPU
		{C2A96C0D-A20C-47B8-81BF-F1451D164A11}.Release|x86.Build.0 = Release|Any CPU
		{D257006F-C5AE-4677-ABB5-8E2B647080A9}.Debug|Any CPU.ActiveCfg = Debug|Any CPU
		{D257006F-C5AE-4677-ABB5-8E2B647080A9}.Debug|Any CPU.Build.0 = Debug|Any CPU
		{D257006F-C5AE-4677-ABB5-8E2B647080A9}.Debug|x64.ActiveCfg = Debug|Any CPU
		{D257006F-C5AE-4677-ABB5-8E2B647080A9}.Debug|x64.Build.0 = Debug|Any CPU
		{D257006F-C5AE-4677-ABB5-8E2B647080A9}.Debug|x86.ActiveCfg = Debug|Any CPU
		{D257006F-C5AE-4677-ABB5-8E2B647080A9}.Debug|x86.Build.0 = Debug|Any CPU
		{D257006F-C5AE-4677-ABB5-8E2B647080A9}.Release|Any CPU.ActiveCfg = Release|Any CPU
		{D257006F-C5AE-4677-ABB5-8E2B647080A9}.Release|Any CPU.Build.0 = Release|Any CPU
		{D257006F-C5AE-4677-ABB5-8E2B647080A9}.Release|x64.ActiveCfg = Release|Any CPU
		{D257006F-C5AE-4677-ABB5-8E2B647080A9}.Release|x64.Build.0 = Release|Any CPU
		{D257006F-C5AE-4677-ABB5-8E2B647080A9}.Release|x86.ActiveCfg = Release|Any CPU
		{D257006F-C5AE-4677-ABB5-8E2B647080A9}.Release|x86.Build.0 = Release|Any CPU
		{C5E8E6F7-0A48-4FE2-A2CA-C7FB553552E9}.Debug|Any CPU.ActiveCfg = Debug|Any CPU
		{C5E8E6F7-0A48-4FE2-A2CA-C7FB553552E9}.Debug|Any CPU.Build.0 = Debug|Any CPU
		{C5E8E6F7-0A48-4FE2-A2CA-C7FB553552E9}.Debug|x64.ActiveCfg = Debug|Any CPU
		{C5E8E6F7-0A48-4FE2-A2CA-C7FB553552E9}.Debug|x64.Build.0 = Debug|Any CPU
		{C5E8E6F7-0A48-4FE2-A2CA-C7FB553552E9}.Debug|x86.ActiveCfg = Debug|Any CPU
		{C5E8E6F7-0A48-4FE2-A2CA-C7FB553552E9}.Debug|x86.Build.0 = Debug|Any CPU
		{C5E8E6F7-0A48-4FE2-A2CA-C7FB553552E9}.Release|Any CPU.ActiveCfg = Release|Any CPU
		{C5E8E6F7-0A48-4FE2-A2CA-C7FB553552E9}.Release|Any CPU.Build.0 = Release|Any CPU
		{C5E8E6F7-0A48-4FE2-A2CA-C7FB553552E9}.Release|x64.ActiveCfg = Release|Any CPU
		{C5E8E6F7-0A48-4FE2-A2CA-C7FB553552E9}.Release|x64.Build.0 = Release|Any CPU
		{C5E8E6F7-0A48-4FE2-A2CA-C7FB553552E9}.Release|x86.ActiveCfg = Release|Any CPU
		{C5E8E6F7-0A48-4FE2-A2CA-C7FB553552E9}.Release|x86.Build.0 = Release|Any CPU
	EndGlobalSection
EndGlobal
